
Microsoft Visual Studio Solution File, Format Version 12.00
# Visual Studio Version 16
VisualStudioVersion = 16.0.29613.14
MinimumVisualStudioVersion = 10.0.40219.1
Project("{FAE04EC0-301F-11D3-BF4B-00C04F79EFBC}") = "HW02", "HW02\HW02.csproj", "{D720BC43-440E-435E-A3FA-35A3B21AB3E7}"
EndProject
Global
	GlobalSection(SolutionConfigurationPlatforms) = preSolution
		Debug|Any CPU = Debug|Any CPU
		Release|Any CPU = Release|Any CPU
	EndGlobalSection
	GlobalSection(ProjectConfigurationPlatforms) = postSolution
		{D720BC43-440E-435E-A3FA-35A3B21AB3E7}.Debug|Any CPU.ActiveCfg = Debug|Any CPU
		{D720BC43-440E-435E-A3FA-35A3B21AB3E7}.Debug|Any CPU.Build.0 = Debug|Any CPU
		{D720BC43-440E-435E-A3FA-35A3B21AB3E7}.Release|Any CPU.ActiveCfg = Release|Any CPU
		{D720BC43-440E-435E-A3FA-35A3B21AB3E7}.Release|Any CPU.Build.0 = Release|Any CPU
	EndGlobalSection
	GlobalSection(SolutionProperties) = preSolution
		HideSolutionNode = FALSE
	EndGlobalSection
	GlobalSection(ExtensibilityGlobals) = postSolution
		SolutionGuid = {898D91B9-ABE5-4A29-84DF-55ED26B7B489}
	EndGlobalSection
EndGlobal
