
Microsoft Visual Studio Solution File, Format Version 12.00
# Visual Studio Version 16
VisualStudioVersion = 16.0.29326.143
MinimumVisualStudioVersion = 10.0.40219.1
Project("{FAE04EC0-301F-11D3-BF4B-00C04F79EFBC}") = "BCSiteTestFramework", "BCSiteTestFramework\BCSiteTestFramework.csproj", "{214FAC57-780D-4220-B93A-FBB2FF346F81}"
EndProject
Project("{FAE04EC0-301F-11D3-BF4B-00C04F79EFBC}") = "BCSiteUnitTests", "UnitTestProject1\BCSiteUnitTests.csproj", "{B29B9C7A-5433-4990-B95E-7BB6658F0D43}"
EndProject
Global
	GlobalSection(SolutionConfigurationPlatforms) = preSolution
		Debug|Any CPU = Debug|Any CPU
		Release|Any CPU = Release|Any CPU
	EndGlobalSection
	GlobalSection(ProjectConfigurationPlatforms) = postSolution
		{214FAC57-780D-4220-B93A-FBB2FF346F81}.Debug|Any CPU.ActiveCfg = Debug|Any CPU
		{214FAC57-780D-4220-B93A-FBB2FF346F81}.Debug|Any CPU.Build.0 = Debug|Any CPU
		{214FAC57-780D-4220-B93A-FBB2FF346F81}.Release|Any CPU.ActiveCfg = Release|Any CPU
		{214FAC57-780D-4220-B93A-FBB2FF346F81}.Release|Any CPU.Build.0 = Release|Any CPU
		{B29B9C7A-5433-4990-B95E-7BB6658F0D43}.Debug|Any CPU.ActiveCfg = Debug|Any CPU
		{B29B9C7A-5433-4990-B95E-7BB6658F0D43}.Debug|Any CPU.Build.0 = Debug|Any CPU
		{B29B9C7A-5433-4990-B95E-7BB6658F0D43}.Release|Any CPU.ActiveCfg = Release|Any CPU
		{B29B9C7A-5433-4990-B95E-7BB6658F0D43}.Release|Any CPU.Build.0 = Release|Any CPU
	EndGlobalSection
	GlobalSection(SolutionProperties) = preSolution
		HideSolutionNode = FALSE
	EndGlobalSection
	GlobalSection(ExtensibilityGlobals) = postSolution
		SolutionGuid = {16F3B517-F686-497A-871B-8FD8740F8D15}
	EndGlobalSection
EndGlobal
